// !$*UTF8*$!
{
	archiveVersion = 1;
	classes = {
	};
	objectVersion = 46;
	objects = {

/* Begin PBXBuildFile section */
		733819301B0ACB1E00E9F8AD /* main.m in Sources */ = {isa = PBXBuildFile; fileRef = 7338192F1B0ACB1E00E9F8AD /* main.m */; };
		733819331B0ACB1E00E9F8AD /* AppDelegate.m in Sources */ = {isa = PBXBuildFile; fileRef = 733819321B0ACB1E00E9F8AD /* AppDelegate.m */; };
		733819351B0ACB1E00E9F8AD /* Images.xcassets in Resources */ = {isa = PBXBuildFile; fileRef = 733819341B0ACB1E00E9F8AD /* Images.xcassets */; };
		733819381B0ACB1E00E9F8AD /* LaunchScreen.xib in Resources */ = {isa = PBXBuildFile; fileRef = 733819361B0ACB1E00E9F8AD /* LaunchScreen.xib */; };
		733819441B0ACB1F00E9F8AD /* vlifreeTests.m in Sources */ = {isa = PBXBuildFile; fileRef = 733819431B0ACB1F00E9F8AD /* vlifreeTests.m */; };
/* End PBXBuildFile section */

/* Begin PBXContainerItemProxy section */
		7338193E1B0ACB1F00E9F8AD /* PBXContainerItemProxy */ = {
			isa = PBXContainerItemProxy;
			containerPortal = 733819221B0ACB1E00E9F8AD /* Project object */;
			proxyType = 1;
			remoteGlobalIDString = 733819291B0ACB1E00E9F8AD;
			remoteInfo = vlifree;
		};
/* End PBXContainerItemProxy section */

/* Begin PBXFileReference section */
		7338192A1B0ACB1E00E9F8AD /* vlifree.app */ = {isa = PBXFileReference; explicitFileType = wrapper.application; includeInIndex = 0; path = vlifree.app; sourceTree = BUILT_PRODUCTS_DIR; };
		7338192E1B0ACB1E00E9F8AD /* Info.plist */ = {isa = PBXFileReference; lastKnownFileType = text.plist.xml; path = Info.plist; sourceTree = "<group>"; };
		7338192F1B0ACB1E00E9F8AD /* main.m */ = {isa = PBXFileReference; lastKnownFileType = sourcecode.c.objc; path = main.m; sourceTree = "<group>"; };
		733819311B0ACB1E00E9F8AD /* AppDelegate.h */ = {isa = PBXFileReference; lastKnownFileType = sourcecode.c.h; path = AppDelegate.h; sourceTree = "<group>"; };
		733819321B0ACB1E00E9F8AD /* AppDelegate.m */ = {isa = PBXFileReference; lastKnownFileType = sourcecode.c.objc; path = AppDelegate.m; sourceTree = "<group>"; };
		733819341B0ACB1E00E9F8AD /* Images.xcassets */ = {isa = PBXFileReference; lastKnownFileType = folder.assetcatalog; path = Images.xcassets; sourceTree = "<group>"; };
		733819371B0ACB1E00E9F8AD /* Base */ = {isa = PBXFileReference; lastKnownFileType = file.xib; name = Base; path = Base.lproj/LaunchScreen.xib; sourceTree = "<group>"; };
		7338193D1B0ACB1F00E9F8AD /* vlifreeTests.xctest */ = {isa = PBXFileReference; explicitFileType = wrapper.cfbundle; includeInIndex = 0; path = vlifreeTests.xctest; sourceTree = BUILT_PRODUCTS_DIR; };
		733819421B0ACB1F00E9F8AD /* Info.plist */ = {isa = PBXFileReference; lastKnownFileType = text.plist.xml; path = Info.plist; sourceTree = "<group>"; };
		733819431B0ACB1F00E9F8AD /* vlifreeTests.m */ = {isa = PBXFileReference; lastKnownFileType = sourcecode.c.objc; path = vlifreeTests.m; sourceTree = "<group>"; };
/* End PBXFileReference section */

/* Begin PBXFrameworksBuildPhase section */
		733819271B0ACB1E00E9F8AD /* Frameworks */ = {
			isa = PBXFrameworksBuildPhase;
			buildActionMask = 2147483647;
			files = (
			);
			runOnlyForDeploymentPostprocessing = 0;
		};
		7338193A1B0ACB1F00E9F8AD /* Frameworks */ = {
			isa = PBXFrameworksBuildPhase;
			buildActionMask = 2147483647;
			files = (
			);
			runOnlyForDeploymentPostprocessing = 0;
		};
/* End PBXFrameworksBuildPhase section */

/* Begin PBXGroup section */
		733819211B0ACB1E00E9F8AD = {
			isa = PBXGroup;
			children = (
				7338192C1B0ACB1E00E9F8AD /* vlifree */,
				733819401B0ACB1F00E9F8AD /* vlifreeTests */,
				7338192B1B0ACB1E00E9F8AD /* Products */,
			);
			sourceTree = "<group>";
		};
		7338192B1B0ACB1E00E9F8AD /* Products */ = {
			isa = PBXGroup;
			children = (
				7338192A1B0ACB1E00E9F8AD /* vlifree.app */,
				7338193D1B0ACB1F00E9F8AD /* vlifreeTests.xctest */,
			);
			name = Products;
			sourceTree = "<group>";
		};
		7338192C1B0ACB1E00E9F8AD /* vlifree */ = {
			isa = PBXGroup;
			children = (
				733819311B0ACB1E00E9F8AD /* AppDelegate.h */,
				733819321B0ACB1E00E9F8AD /* AppDelegate.m */,
				733819341B0ACB1E00E9F8AD /* Images.xcassets */,
				733819361B0ACB1E00E9F8AD /* LaunchScreen.xib */,
				7338192D1B0ACB1E00E9F8AD /* Supporting Files */,
			);
			path = vlifree;
			sourceTree = "<group>";
		};
		7338192D1B0ACB1E00E9F8AD /* Supporting Files */ = {
			isa = PBXGroup;
			children = (
				7338192E1B0ACB1E00E9F8AD /* Info.plist */,
				7338192F1B0ACB1E00E9F8AD /* main.m */,
			);
			name = "Supporting Files";
			sourceTree = "<group>";
		};
		733819401B0ACB1F00E9F8AD /* vlifreeTests */ = {
			isa = PBXGroup;
			children = (
				733819431B0ACB1F00E9F8AD /* vlifreeTests.m */,
				733819411B0ACB1F00E9F8AD /* Supporting Files */,
			);
			path = vlifreeTests;
			sourceTree = "<group>";
		};
		733819411B0ACB1F00E9F8AD /* Supporting Files */ = {
			isa = PBXGroup;
			children = (
				733819421B0ACB1F00E9F8AD /* Info.plist */,
			);
			name = "Supporting Files";
			sourceTree = "<group>";
		};
/* End PBXGroup section */

/* Begin PBXNativeTarget section */
		733819291B0ACB1E00E9F8AD /* vlifree */ = {
			isa = PBXNativeTarget;
			buildConfigurationList = 733819471B0ACB1F00E9F8AD /* Build configuration list for PBXNativeTarget "vlifree" */;
			buildPhases = (
				733819261B0ACB1E00E9F8AD /* Sources */,
				733819271B0ACB1E00E9F8AD /* Frameworks */,
				733819281B0ACB1E00E9F8AD /* Resources */,
			);
			buildRules = (
			);
			dependencies = (
			);
			name = vlifree;
			productName = vlifree;
			productReference = 7338192A1B0ACB1E00E9F8AD /* vlifree.app */;
			productType = "com.apple.product-type.application";
		};
		7338193C1B0ACB1F00E9F8AD /* vlifreeTests */ = {
			isa = PBXNativeTarget;
			buildConfigurationList = 7338194A1B0ACB1F00E9F8AD /* Build configuration list for PBXNativeTarget "vlifreeTests" */;
			buildPhases = (
				733819391B0ACB1F00E9F8AD /* Sources */,
				7338193A1B0ACB1F00E9F8AD /* Frameworks */,
				7338193B1B0ACB1F00E9F8AD /* Resources */,
			);
			buildRules = (
			);
			dependencies = (
				7338193F1B0ACB1F00E9F8AD /* PBXTargetDependency */,
			);
			name = vlifreeTests;
			productName = vlifreeTests;
			productReference = 7338193D1B0ACB1F00E9F8AD /* vlifreeTests.xctest */;
			productType = "com.apple.product-type.bundle.unit-test";
		};
/* End PBXNativeTarget section */

/* Begin PBXProject section */
		733819221B0ACB1E00E9F8AD /* Project object */ = {
			isa = PBXProject;
			attributes = {
				LastUpgradeCheck = 0630;
				ORGANIZATIONNAME = "仙林";
				TargetAttributes = {
					733819291B0ACB1E00E9F8AD = {
						CreatedOnToolsVersion = 6.3;
					};
					7338193C1B0ACB1F00E9F8AD = {
						CreatedOnToolsVersion = 6.3;
						TestTargetID = 733819291B0ACB1E00E9F8AD;
					};
				};
			};
			buildConfigurationList = 733819251B0ACB1E00E9F8AD /* Build configuration list for PBXProject "vlifree" */;
			compatibilityVersion = "Xcode 3.2";
			developmentRegion = English;
			hasScannedForEncodings = 0;
			knownRegions = (
				en,
				Base,
			);
			mainGroup = 733819211B0ACB1E00E9F8AD;
			productRefGroup = 7338192B1B0ACB1E00E9F8AD /* Products */;
			projectDirPath = "";
			projectRoot = "";
			targets = (
				733819291B0ACB1E00E9F8AD /* vlifree */,
				7338193C1B0ACB1F00E9F8AD /* vlifreeTests */,
			);
		};
/* End PBXProject section */

/* Begin PBXResourcesBuildPhase section */
		733819281B0ACB1E00E9F8AD /* Resources */ = {
			isa = PBXResourcesBuildPhase;
			buildActionMask = 2147483647;
			files = (
				733819381B0ACB1E00E9F8AD /* LaunchScreen.xib in Resources */,
				733819351B0ACB1E00E9F8AD /* Images.xcassets in Resources */,
			);
			runOnlyForDeploymentPostprocessing = 0;
		};
		7338193B1B0ACB1F00E9F8AD /* Resources */ = {
			isa = PBXResourcesBuildPhase;
			buildActionMask = 2147483647;
			files = (
			);
			runOnlyForDeploymentPostprocessing = 0;
		};
/* End PBXResourcesBuildPhase section */

/* Begin PBXSourcesBuildPhase section */
		733819261B0ACB1E00E9F8AD /* Sources */ = {
			isa = PBXSourcesBuildPhase;
			buildActionMask = 2147483647;
			files = (
				733819331B0ACB1E00E9F8AD /* AppDelegate.m in Sources */,
				733819301B0ACB1E00E9F8AD /* main.m in Sources */,
			);
			runOnlyForDeploymentPostprocessing = 0;
		};
		733819391B0ACB1F00E9F8AD /* Sources */ = {
			isa = PBXSourcesBuildPhase;
			buildActionMask = 2147483647;
			files = (
				733819441B0ACB1F00E9F8AD /* vlifreeTests.m in Sources */,
			);
			runOnlyForDeploymentPostprocessing = 0;
		};
/* End PBXSourcesBuildPhase section */

/* Begin PBXTargetDependency section */
		7338193F1B0ACB1F00E9F8AD /* PBXTargetDependency */ = {
			isa = PBXTargetDependency;
			target = 733819291B0ACB1E00E9F8AD /* vlifree */;
			targetProxy = 7338193E1B0ACB1F00E9F8AD /* PBXContainerItemProxy */;
		};
/* End PBXTargetDependency section */

/* Begin PBXVariantGroup section */
		733819361B0ACB1E00E9F8AD /* LaunchScreen.xib */ = {
			isa = PBXVariantGroup;
			children = (
				733819371B0ACB1E00E9F8AD /* Base */,
			);
			name = LaunchScreen.xib;
			sourceTree = "<group>";
		};
/* End PBXVariantGroup section */

/* Begin XCBuildConfiguration section */
		733819451B0ACB1F00E9F8AD /* Debug */ = {
			isa = XCBuildConfiguration;
			buildSettings = {
				ALWAYS_SEARCH_USER_PATHS = NO;
				CLANG_CXX_LANGUAGE_STANDARD = "gnu++0x";
				CLANG_CXX_LIBRARY = "libc++";
				CLANG_ENABLE_MODULES = YES;
				CLANG_ENABLE_OBJC_ARC = YES;
				CLANG_WARN_BOOL_CONVERSION = YES;
				CLANG_WARN_CONSTANT_CONVERSION = YES;
				CLANG_WARN_DIRECT_OBJC_ISA_USAGE = YES_ERROR;
				CLANG_WARN_EMPTY_BODY = YES;
				CLANG_WARN_ENUM_CONVERSION = YES;
				CLANG_WARN_INT_CONVERSION = YES;
				CLANG_WARN_OBJC_ROOT_CLASS = YES_ERROR;
				CLANG_WARN_UNREACHABLE_CODE = YES;
				CLANG_WARN__DUPLICATE_METHOD_MATCH = YES;
				"CODE_SIGN_IDENTITY[sdk=iphoneos*]" = "iPhone Developer";
				COPY_PHASE_STRIP = NO;
				DEBUG_INFORMATION_FORMAT = "dwarf-with-dsym";
				ENABLE_STRICT_OBJC_MSGSEND = YES;
				GCC_C_LANGUAGE_STANDARD = gnu99;
				GCC_DYNAMIC_NO_PIC = NO;
				GCC_NO_COMMON_BLOCKS = YES;
				GCC_OPTIMIZATION_LEVEL = 0;
				GCC_PREPROCESSOR_DEFINITIONS = (
					"DEBUG=1",
					"$(inherited)",
				);
				GCC_SYMBOLS_PRIVATE_EXTERN = NO;
				GCC_WARN_64_TO_32_BIT_CONVERSION = YES;
				GCC_WARN_ABOUT_RETURN_TYPE = YES_ERROR;
				GCC_WARN_UNDECLARED_SELECTOR = YES;
				GCC_WARN_UNINITIALIZED_AUTOS = YES_AGGRESSIVE;
				GCC_WARN_UNUSED_FUNCTION = YES;
				GCC_WARN_UNUSED_VARIABLE = YES;
				IPHONEOS_DEPLOYMENT_TARGET = 8.3;
				MTL_ENABLE_DEBUG_INFO = YES;
				ONLY_ACTIVE_ARCH = YES;
				SDKROOT = iphoneos;
			};
			name = Debug;
		};
		733819461B0ACB1F00E9F8AD /* Release */ = {
			isa = XCBuildConfiguration;
			buildSettings = {
				ALWAYS_SEARCH_USER_PATHS = NO;
				CLANG_CXX_LANGUAGE_STANDARD = "gnu++0x";
				CLANG_CXX_LIBRARY = "libc++";
				CLANG_ENABLE_MODULES = YES;
				CLANG_ENABLE_OBJC_ARC = YES;
				CLANG_WARN_BOOL_CONVERSION = YES;
				CLANG_WARN_CONSTANT_CONVERSION = YES;
				CLANG_WARN_DIRECT_OBJC_ISA_USAGE = YES_ERROR;
				CLANG_WARN_EMPTY_BODY = YES;
				CLANG_WARN_ENUM_CONVERSION = YES;
				CLANG_WARN_INT_CONVERSION = YES;
				CLANG_WARN_OBJC_ROOT_CLASS = YES_ERROR;
				CLANG_WARN_UNREACHABLE_CODE = YES;
				CLANG_WARN__DUPLICATE_METHOD_MATCH = YES;
				"CODE_SIGN_IDENTITY[sdk=iphoneos*]" = "iPhone Developer";
				COPY_PHASE_STRIP = NO;
				DEBUG_INFORMATION_FORMAT = "dwarf-with-dsym";
				ENABLE_NS_ASSERTIONS = NO;
				ENABLE_STRICT_OBJC_MSGSEND = YES;
				GCC_C_LANGUAGE_STANDARD = gnu99;
				GCC_NO_COMMON_BLOCKS = YES;
				GCC_WARN_64_TO_32_BIT_CONVERSION = YES;
				GCC_WARN_ABOUT_RETURN_TYPE = YES_ERROR;
				GCC_WARN_UNDECLARED_SELECTOR = YES;
				GCC_WARN_UNINITIALIZED_AUTOS = YES_AGGRESSIVE;
				GCC_WARN_UNUSED_FUNCTION = YES;
				GCC_WARN_UNUSED_VARIABLE = YES;
				IPHONEOS_DEPLOYMENT_TARGET = 8.3;
				MTL_ENABLE_DEBUG_INFO = NO;
				SDKROOT = iphoneos;
				VALIDATE_PRODUCT = YES;
			};
			name = Release;
		};
		733819481B0ACB1F00E9F8AD /* Debug */ = {
			isa = XCBuildConfiguration;
			buildSettings = {
				ASSETCATALOG_COMPILER_APPICON_NAME = AppIcon;
				INFOPLIST_FILE = vlifree/Info.plist;
				LD_RUNPATH_SEARCH_PATHS = "$(inherited) @executable_path/Frameworks";
				PRODUCT_NAME = "$(TARGET_NAME)";
			};
			name = Debug;
		};
		733819491B0ACB1F00E9F8AD /* Release */ = {
			isa = XCBuildConfiguration;
			buildSettings = {
				ASSETCATALOG_COMPILER_APPICON_NAME = AppIcon;
				INFOPLIST_FILE = vlifree/Info.plist;
				LD_RUNPATH_SEARCH_PATHS = "$(inherited) @executable_path/Frameworks";
				PRODUCT_NAME = "$(TARGET_NAME)";
			};
			name = Release;
		};
		7338194B1B0ACB1F00E9F8AD /* Debug */ = {
			isa = XCBuildConfiguration;
			buildSettings = {
				BUNDLE_LOADER = "$(TEST_HOST)";
				FRAMEWORK_SEARCH_PATHS = (
					"$(SDKROOT)/Developer/Library/Frameworks",
					"$(inherited)",
				);
				GCC_PREPROCESSOR_DEFINITIONS = (
					"DEBUG=1",
					"$(inherited)",
				);
				INFOPLIST_FILE = vlifreeTests/Info.plist;
				LD_RUNPATH_SEARCH_PATHS = "$(inherited) @executable_path/Frameworks @loader_path/Frameworks";
				PRODUCT_NAME = "$(TARGET_NAME)";
				TEST_HOST = "$(BUILT_PRODUCTS_DIR)/vlifree.app/vlifree";
			};
			name = Debug;
		};
		7338194C1B0ACB1F00E9F8AD /* Release */ = {
			isa = XCBuildConfiguration;
			buildSettings = {
				BUNDLE_LOADER = "$(TEST_HOST)";
				FRAMEWORK_SEARCH_PATHS = (
					"$(SDKROOT)/Developer/Library/Frameworks",
					"$(inherited)",
				);
				INFOPLIST_FILE = vlifreeTests/Info.plist;
				LD_RUNPATH_SEARCH_PATHS = "$(inherited) @executable_path/Frameworks @loader_path/Frameworks";
				PRODUCT_NAME = "$(TARGET_NAME)";
				TEST_HOST = "$(BUILT_PRODUCTS_DIR)/vlifree.app/vlifree";
			};
			name = Release;
		};
/* End XCBuildConfiguration section */

/* Begin XCConfigurationList section */
		733819251B0ACB1E00E9F8AD /* Build configuration list for PBXProject "vlifree" */ = {
			isa = XCConfigurationList;
			buildConfigurations = (
				733819451B0ACB1F00E9F8AD /* Debug */,
				733819461B0ACB1F00E9F8AD /* Release */,
			);
			defaultConfigurationIsVisible = 0;
			defaultConfigurationName = Release;
		};
		733819471B0ACB1F00E9F8AD /* Build configuration list for PBXNativeTarget "vlifree" */ = {
			isa = XCConfigurationList;
			buildConfigurations = (
				733819481B0ACB1F00E9F8AD /* Debug */,
				733819491B0ACB1F00E9F8AD /* Release */,
			);
			defaultConfigurationIsVisible = 0;
		};
		7338194A1B0ACB1F00E9F8AD /* Build configuration list for PBXNativeTarget "vlifreeTests" */ = {
			isa = XCConfigurationList;
			buildConfigurations = (
				7338194B1B0ACB1F00E9F8AD /* Debug */,
				7338194C1B0ACB1F00E9F8AD /* Release */,
			);
			defaultConfigurationIsVisible = 0;
		};
/* End XCConfigurationList section */
	};
	rootObject = 733819221B0ACB1E00E9F8AD /* Project object */;
}
